
Microsoft Visual Studio Solution File, Format Version 12.00
# Visual Studio Version 17
VisualStudioVersion = 17.0.31903.59
MinimumVisualStudioVersion = 10.0.40219.1
Project("{2150E333-8FDC-42A3-9474-1A3956D46DE8}") = "src", "src", "{E3919FD4-14B8-43A5-BCDA-AEDCF677C12A}"
EndProject
Project("{2150E333-8FDC-42A3-9474-1A3956D46DE8}") = "Identity", "Identity", "{32821B3D-614B-4DA9-B323-10F0768F1034}"
EndProject
Project("{2150E333-8FDC-42A3-9474-1A3956D46DE8}") = "School", "School", "{66C16747-F845-419C-AA76-D5DFB82240C3}"
EndProject
Project("{2150E333-8FDC-42A3-9474-1A3956D46DE8}") = "BuildingBlock", "BuildingBlock", "{6E563A9A-36AE-4834-8239-74ADCC4FD9FA}"
EndProject
Project("{2150E333-8FDC-42A3-9474-1A3956D46DE8}") = "NotesAndMaths", "NotesAndMaths", "{E9C8437E-C911-4AB8-B61E-F6E14611D6FF}"
EndProject
Project("{FAE04EC0-301F-11D3-BF4B-00C04F79EFBC}") = "NotesAndMaths.Api", "src\NotesAndMaths\NotesAndMaths.Api\NotesAndMaths.Api.csproj", "{3E0E1D51-9A52-4602-8826-3EE3801FB4B2}"
EndProject
Project("{FAE04EC0-301F-11D3-BF4B-00C04F79EFBC}") = "NotesAndMaths.Core", "src\NotesAndMaths\NotesAndMaths.Core\NotesAndMaths.Core.csproj", "{910201CD-A1D5-4F41-A37F-A0F245C7095F}"
EndProject
Project("{FAE04EC0-301F-11D3-BF4B-00C04F79EFBC}") = "NotesAndMaths.Infraestructure", "src\NotesAndMaths\NotesAndMaths.Infraestructure\NotesAndMaths.Infraestructure.csproj", "{9204E6FE-8D97-4DE9-A492-0B9817D02D3B}"
EndProject
Project("{FAE04EC0-301F-11D3-BF4B-00C04F79EFBC}") = "Identity.Api", "src\Identity\Identity.Api\Identity.Api.csproj", "{445C1B02-FC81-49E1-89C4-5185F0C3909A}"
EndProject
Project("{FAE04EC0-301F-11D3-BF4B-00C04F79EFBC}") = "Identity.Core", "src\Identity\Identity.Core\Identity.Core.csproj", "{10B579EB-14E3-4013-A5A6-DEECF3DD7F84}"
EndProject
Project("{FAE04EC0-301F-11D3-BF4B-00C04F79EFBC}") = "Identity.Infraestructure", "src\Identity\Identity.Infraestructure\Identity.Infraestructure.csproj", "{F7365ACE-B0BC-4264-945A-3835DEFC40D8}"
EndProject
Project("{FAE04EC0-301F-11D3-BF4B-00C04F79EFBC}") = "School.Api", "src\School\School.Api\School.Api.csproj", "{08A4D2C3-AFB5-45D3-AE74-C8ED20A17D01}"
EndProject
Project("{FAE04EC0-301F-11D3-BF4B-00C04F79EFBC}") = "School.Core", "src\School\School.Core\School.Core.csproj", "{B21D4B2E-CC6A-47ED-883F-944AE4B1B2D7}"
EndProject
Project("{FAE04EC0-301F-11D3-BF4B-00C04F79EFBC}") = "School.Infraestructure", "src\School\School.Infraestructure\School.Infraestructure.csproj", "{3B9D8912-0462-4177-9A49-DAB088486429}"
EndProject
Project("{FAE04EC0-301F-11D3-BF4B-00C04F79EFBC}") = "Identity.Tests", "src\Identity\Identity.Tests\Identity.Tests.csproj", "{1CEA3E48-A1F4-4F5F-B4A7-DC5166CF0A69}"
EndProject
Project("{FAE04EC0-301F-11D3-BF4B-00C04F79EFBC}") = "School.Tests", "src\School\School.Tests\School.Tests.csproj", "{9C644511-B6BC-4895-802F-FC03B84A9B7A}"
EndProject
Project("{FAE04EC0-301F-11D3-BF4B-00C04F79EFBC}") = "BuildingBlock.Commons", "src\BuildingBlock\BuildingBlock.Commons\BuildingBlock.Commons.csproj", "{B01A9AE6-A70D-49F7-89D3-577FA8F6551A}"
EndProject
Project("{FAE04EC0-301F-11D3-BF4B-00C04F79EFBC}") = "BuildingBlock.Repository", "src\BuildingBlock\BuildingBlock.Repository\BuildingBlock.Repository.csproj", "{BA4D3C23-D0D9-42A5-8CD4-CFA231D744EC}"
EndProject
Project("{E53339B2-1760-4266-BCC7-CA923CBCF16C}") = "docker-compose", "docker-compose.dcproj", "{456B29D4-1125-487F-B0BA-124740FECD9A}"
EndProject
Project("{2150E333-8FDC-42A3-9474-1A3956D46DE8}") = "Solution Items", "Solution Items", "{43851708-1ACC-459C-9069-A690E9E35F16}"
	ProjectSection(SolutionItems) = preProject
		.env = .env
	EndProjectSection
EndProject
Project("{2150E333-8FDC-42A3-9474-1A3956D46DE8}") = "Web", "Web", "{2D4A6E19-55C6-4F70-949C-609FF69501FD}"
EndProject
Global
	GlobalSection(SolutionConfigurationPlatforms) = preSolution
		Debug|Any CPU = Debug|Any CPU
		Release|Any CPU = Release|Any CPU
	EndGlobalSection
	GlobalSection(SolutionProperties) = preSolution
		HideSolutionNode = FALSE
	EndGlobalSection
	GlobalSection(ProjectConfigurationPlatforms) = postSolution
		{3E0E1D51-9A52-4602-8826-3EE3801FB4B2}.Debug|Any CPU.ActiveCfg = Debug|Any CPU
		{3E0E1D51-9A52-4602-8826-3EE3801FB4B2}.Debug|Any CPU.Build.0 = Debug|Any CPU
		{3E0E1D51-9A52-4602-8826-3EE3801FB4B2}.Release|Any CPU.ActiveCfg = Release|Any CPU
		{3E0E1D51-9A52-4602-8826-3EE3801FB4B2}.Release|Any CPU.Build.0 = Release|Any CPU
		{910201CD-A1D5-4F41-A37F-A0F245C7095F}.Debug|Any CPU.ActiveCfg = Debug|Any CPU
		{910201CD-A1D5-4F41-A37F-A0F245C7095F}.Debug|Any CPU.Build.0 = Debug|Any CPU
		{910201CD-A1D5-4F41-A37F-A0F245C7095F}.Release|Any CPU.ActiveCfg = Release|Any CPU
		{910201CD-A1D5-4F41-A37F-A0F245C7095F}.Release|Any CPU.Build.0 = Release|Any CPU
		{9204E6FE-8D97-4DE9-A492-0B9817D02D3B}.Debug|Any CPU.ActiveCfg = Debug|Any CPU
		{9204E6FE-8D97-4DE9-A492-0B9817D02D3B}.Debug|Any CPU.Build.0 = Debug|Any CPU
		{9204E6FE-8D97-4DE9-A492-0B9817D02D3B}.Release|Any CPU.ActiveCfg = Release|Any CPU
		{9204E6FE-8D97-4DE9-A492-0B9817D02D3B}.Release|Any CPU.Build.0 = Release|Any CPU
		{445C1B02-FC81-49E1-89C4-5185F0C3909A}.Debug|Any CPU.ActiveCfg = Debug|Any CPU
		{445C1B02-FC81-49E1-89C4-5185F0C3909A}.Debug|Any CPU.Build.0 = Debug|Any CPU
		{445C1B02-FC81-49E1-89C4-5185F0C3909A}.Release|Any CPU.ActiveCfg = Release|Any CPU
		{445C1B02-FC81-49E1-89C4-5185F0C3909A}.Release|Any CPU.Build.0 = Release|Any CPU
		{10B579EB-14E3-4013-A5A6-DEECF3DD7F84}.Debug|Any CPU.ActiveCfg = Debug|Any CPU
		{10B579EB-14E3-4013-A5A6-DEECF3DD7F84}.Debug|Any CPU.Build.0 = Debug|Any CPU
		{10B579EB-14E3-4013-A5A6-DEECF3DD7F84}.Release|Any CPU.ActiveCfg = Release|Any CPU
		{10B579EB-14E3-4013-A5A6-DEECF3DD7F84}.Release|Any CPU.Build.0 = Release|Any CPU
		{F7365ACE-B0BC-4264-945A-3835DEFC40D8}.Debug|Any CPU.ActiveCfg = Debug|Any CPU
		{F7365ACE-B0BC-4264-945A-3835DEFC40D8}.Debug|Any CPU.Build.0 = Debug|Any CPU
		{F7365ACE-B0BC-4264-945A-3835DEFC40D8}.Release|Any CPU.ActiveCfg = Release|Any CPU
		{F7365ACE-B0BC-4264-945A-3835DEFC40D8}.Release|Any CPU.Build.0 = Release|Any CPU
		{08A4D2C3-AFB5-45D3-AE74-C8ED20A17D01}.Debug|Any CPU.ActiveCfg = Debug|Any CPU
		{08A4D2C3-AFB5-45D3-AE74-C8ED20A17D01}.Debug|Any CPU.Build.0 = Debug|Any CPU
		{08A4D2C3-AFB5-45D3-AE74-C8ED20A17D01}.Release|Any CPU.ActiveCfg = Release|Any CPU
		{08A4D2C3-AFB5-45D3-AE74-C8ED20A17D01}.Release|Any CPU.Build.0 = Release|Any CPU
		{B21D4B2E-CC6A-47ED-883F-944AE4B1B2D7}.Debug|Any CPU.ActiveCfg = Debug|Any CPU
		{B21D4B2E-CC6A-47ED-883F-944AE4B1B2D7}.Debug|Any CPU.Build.0 = Debug|Any CPU
		{B21D4B2E-CC6A-47ED-883F-944AE4B1B2D7}.Release|Any CPU.ActiveCfg = Release|Any CPU
		{B21D4B2E-CC6A-47ED-883F-944AE4B1B2D7}.Release|Any CPU.Build.0 = Release|Any CPU
		{3B9D8912-0462-4177-9A49-DAB088486429}.Debug|Any CPU.ActiveCfg = Debug|Any CPU
		{3B9D8912-0462-4177-9A49-DAB088486429}.Debug|Any CPU.Build.0 = Debug|Any CPU
		{3B9D8912-0462-4177-9A49-DAB088486429}.Release|Any CPU.ActiveCfg = Release|Any CPU
		{3B9D8912-0462-4177-9A49-DAB088486429}.Release|Any CPU.Build.0 = Release|Any CPU
		{1CEA3E48-A1F4-4F5F-B4A7-DC5166CF0A69}.Debug|Any CPU.ActiveCfg = Debug|Any CPU
		{1CEA3E48-A1F4-4F5F-B4A7-DC5166CF0A69}.Debug|Any CPU.Build.0 = Debug|Any CPU
		{1CEA3E48-A1F4-4F5F-B4A7-DC5166CF0A69}.Release|Any CPU.ActiveCfg = Release|Any CPU
		{1CEA3E48-A1F4-4F5F-B4A7-DC5166CF0A69}.Release|Any CPU.Build.0 = Release|Any CPU
		{9C644511-B6BC-4895-802F-FC03B84A9B7A}.Debug|Any CPU.ActiveCfg = Debug|Any CPU
		{9C644511-B6BC-4895-802F-FC03B84A9B7A}.Debug|Any CPU.Build.0 = Debug|Any CPU
		{9C644511-B6BC-4895-802F-FC03B84A9B7A}.Release|Any CPU.ActiveCfg = Release|Any CPU
		{9C644511-B6BC-4895-802F-FC03B84A9B7A}.Release|Any CPU.Build.0 = Release|Any CPU
		{B01A9AE6-A70D-49F7-89D3-577FA8F6551A}.Debug|Any CPU.ActiveCfg = Debug|Any CPU
		{B01A9AE6-A70D-49F7-89D3-577FA8F6551A}.Debug|Any CPU.Build.0 = Debug|Any CPU
		{B01A9AE6-A70D-49F7-89D3-577FA8F6551A}.Release|Any CPU.ActiveCfg = Release|Any CPU
		{B01A9AE6-A70D-49F7-89D3-577FA8F6551A}.Release|Any CPU.Build.0 = Release|Any CPU
		{BA4D3C23-D0D9-42A5-8CD4-CFA231D744EC}.Debug|Any CPU.ActiveCfg = Debug|Any CPU
		{BA4D3C23-D0D9-42A5-8CD4-CFA231D744EC}.Debug|Any CPU.Build.0 = Debug|Any CPU
		{BA4D3C23-D0D9-42A5-8CD4-CFA231D744EC}.Release|Any CPU.ActiveCfg = Release|Any CPU
		{BA4D3C23-D0D9-42A5-8CD4-CFA231D744EC}.Release|Any CPU.Build.0 = Release|Any CPU
		{456B29D4-1125-487F-B0BA-124740FECD9A}.Debug|Any CPU.ActiveCfg = Debug|Any CPU
		{456B29D4-1125-487F-B0BA-124740FECD9A}.Debug|Any CPU.Build.0 = Debug|Any CPU
		{456B29D4-1125-487F-B0BA-124740FECD9A}.Release|Any CPU.ActiveCfg = Release|Any CPU
		{456B29D4-1125-487F-B0BA-124740FECD9A}.Release|Any CPU.Build.0 = Release|Any CPU
	EndGlobalSection
	GlobalSection(NestedProjects) = preSolution
		{32821B3D-614B-4DA9-B323-10F0768F1034} = {E3919FD4-14B8-43A5-BCDA-AEDCF677C12A}
		{66C16747-F845-419C-AA76-D5DFB82240C3} = {E3919FD4-14B8-43A5-BCDA-AEDCF677C12A}
		{6E563A9A-36AE-4834-8239-74ADCC4FD9FA} = {E3919FD4-14B8-43A5-BCDA-AEDCF677C12A}
		{E9C8437E-C911-4AB8-B61E-F6E14611D6FF} = {E3919FD4-14B8-43A5-BCDA-AEDCF677C12A}
		{3E0E1D51-9A52-4602-8826-3EE3801FB4B2} = {E9C8437E-C911-4AB8-B61E-F6E14611D6FF}
		{910201CD-A1D5-4F41-A37F-A0F245C7095F} = {E9C8437E-C911-4AB8-B61E-F6E14611D6FF}
		{9204E6FE-8D97-4DE9-A492-0B9817D02D3B} = {E9C8437E-C911-4AB8-B61E-F6E14611D6FF}
		{445C1B02-FC81-49E1-89C4-5185F0C3909A} = {32821B3D-614B-4DA9-B323-10F0768F1034}
		{10B579EB-14E3-4013-A5A6-DEECF3DD7F84} = {32821B3D-614B-4DA9-B323-10F0768F1034}
		{F7365ACE-B0BC-4264-945A-3835DEFC40D8} = {32821B3D-614B-4DA9-B323-10F0768F1034}
		{08A4D2C3-AFB5-45D3-AE74-C8ED20A17D01} = {66C16747-F845-419C-AA76-D5DFB82240C3}
		{B21D4B2E-CC6A-47ED-883F-944AE4B1B2D7} = {66C16747-F845-419C-AA76-D5DFB82240C3}
		{3B9D8912-0462-4177-9A49-DAB088486429} = {66C16747-F845-419C-AA76-D5DFB82240C3}
		{1CEA3E48-A1F4-4F5F-B4A7-DC5166CF0A69} = {32821B3D-614B-4DA9-B323-10F0768F1034}
		{9C644511-B6BC-4895-802F-FC03B84A9B7A} = {66C16747-F845-419C-AA76-D5DFB82240C3}
		{B01A9AE6-A70D-49F7-89D3-577FA8F6551A} = {6E563A9A-36AE-4834-8239-74ADCC4FD9FA}
		{BA4D3C23-D0D9-42A5-8CD4-CFA231D744EC} = {6E563A9A-36AE-4834-8239-74ADCC4FD9FA}
		{2D4A6E19-55C6-4F70-949C-609FF69501FD} = {E3919FD4-14B8-43A5-BCDA-AEDCF677C12A}
	EndGlobalSection
EndGlobal
