
Microsoft Visual Studio Solution File, Format Version 12.00
# Visual Studio Version 17
VisualStudioVersion = 17.0.31903.59
MinimumVisualStudioVersion = 10.0.40219.1
Project("{2150E333-8FDC-42A3-9474-1A3956D46DE8}") = "src", "src", "{E3919FD4-14B8-43A5-BCDA-AEDCF677C12A}"
EndProject
Project("{2150E333-8FDC-42A3-9474-1A3956D46DE8}") = "Identity", "Identity", "{32821B3D-614B-4DA9-B323-10F0768F1034}"
EndProject
Project("{FAE04EC0-301F-11D3-BF4B-00C04F79EFBC}") = "Api", "src\Identity\Api\Api.csproj", "{D5A8581D-98CF-4D09-99D8-6577BF0AB6DC}"
EndProject
Project("{FAE04EC0-301F-11D3-BF4B-00C04F79EFBC}") = "Core", "src\Identity\Core\Core.csproj", "{AC0B3C2F-F33B-4D85-92AA-3B2A2785FBBD}"
EndProject
Project("{FAE04EC0-301F-11D3-BF4B-00C04F79EFBC}") = "Infraestructure", "src\Identity\Infraestructure\Infraestructure.csproj", "{E0498C05-DE8B-4601-A8A7-55107D257834}"
EndProject
Project("{2150E333-8FDC-42A3-9474-1A3956D46DE8}") = "School", "School", "{66C16747-F845-419C-AA76-D5DFB82240C3}"
EndProject
Project("{FAE04EC0-301F-11D3-BF4B-00C04F79EFBC}") = "Api", "src\School\Api\Api.csproj", "{FDE943CC-CB12-4F7A-B9D1-DE0805447D03}"
EndProject
Project("{FAE04EC0-301F-11D3-BF4B-00C04F79EFBC}") = "Core", "src\School\Core\Core.csproj", "{6FC648F8-64B2-4108-B289-8B7D1B5A2819}"
EndProject
Project("{FAE04EC0-301F-11D3-BF4B-00C04F79EFBC}") = "Infraestructure", "src\School\Infraestructure\Infraestructure.csproj", "{FDDD2B67-116C-437F-8C58-03340C91AD26}"
EndProject
Project("{FAE04EC0-301F-11D3-BF4B-00C04F79EFBC}") = "Tests", "src\Identity\Tests\Tests.csproj", "{1C118BD5-638A-4FE1-B61B-18049C4AF933}"
EndProject
Project("{FAE04EC0-301F-11D3-BF4B-00C04F79EFBC}") = "Tests", "src\School\Tests\Tests.csproj", "{AA3B6D5A-AC7B-426E-B65C-5B02BC56678D}"
EndProject
Project("{2150E333-8FDC-42A3-9474-1A3956D46DE8}") = "BuildingBlock", "BuildingBlock", "{6E563A9A-36AE-4834-8239-74ADCC4FD9FA}"
EndProject
Project("{FAE04EC0-301F-11D3-BF4B-00C04F79EFBC}") = "Repository", "src\BuildingBlock\Repository\Repository.csproj", "{6783DCDD-F0A7-49ED-86CB-01616C225DE2}"
EndProject
Project("{FAE04EC0-301F-11D3-BF4B-00C04F79EFBC}") = "Commons", "src\BuildingBlock\Commons\Commons.csproj", "{4B2130FE-0617-4F88-A86B-A67DD0C5BAAE}"
EndProject
Global
	GlobalSection(SolutionConfigurationPlatforms) = preSolution
		Debug|Any CPU = Debug|Any CPU
		Release|Any CPU = Release|Any CPU
	EndGlobalSection
	GlobalSection(SolutionProperties) = preSolution
		HideSolutionNode = FALSE
	EndGlobalSection
	GlobalSection(ProjectConfigurationPlatforms) = postSolution
		{D5A8581D-98CF-4D09-99D8-6577BF0AB6DC}.Debug|Any CPU.ActiveCfg = Debug|Any CPU
		{D5A8581D-98CF-4D09-99D8-6577BF0AB6DC}.Debug|Any CPU.Build.0 = Debug|Any CPU
		{D5A8581D-98CF-4D09-99D8-6577BF0AB6DC}.Release|Any CPU.ActiveCfg = Release|Any CPU
		{D5A8581D-98CF-4D09-99D8-6577BF0AB6DC}.Release|Any CPU.Build.0 = Release|Any CPU
		{AC0B3C2F-F33B-4D85-92AA-3B2A2785FBBD}.Debug|Any CPU.ActiveCfg = Debug|Any CPU
		{AC0B3C2F-F33B-4D85-92AA-3B2A2785FBBD}.Debug|Any CPU.Build.0 = Debug|Any CPU
		{AC0B3C2F-F33B-4D85-92AA-3B2A2785FBBD}.Release|Any CPU.ActiveCfg = Release|Any CPU
		{AC0B3C2F-F33B-4D85-92AA-3B2A2785FBBD}.Release|Any CPU.Build.0 = Release|Any CPU
		{E0498C05-DE8B-4601-A8A7-55107D257834}.Debug|Any CPU.ActiveCfg = Debug|Any CPU
		{E0498C05-DE8B-4601-A8A7-55107D257834}.Debug|Any CPU.Build.0 = Debug|Any CPU
		{E0498C05-DE8B-4601-A8A7-55107D257834}.Release|Any CPU.ActiveCfg = Release|Any CPU
		{E0498C05-DE8B-4601-A8A7-55107D257834}.Release|Any CPU.Build.0 = Release|Any CPU
		{FDE943CC-CB12-4F7A-B9D1-DE0805447D03}.Debug|Any CPU.ActiveCfg = Debug|Any CPU
		{FDE943CC-CB12-4F7A-B9D1-DE0805447D03}.Debug|Any CPU.Build.0 = Debug|Any CPU
		{FDE943CC-CB12-4F7A-B9D1-DE0805447D03}.Release|Any CPU.ActiveCfg = Release|Any CPU
		{FDE943CC-CB12-4F7A-B9D1-DE0805447D03}.Release|Any CPU.Build.0 = Release|Any CPU
		{6FC648F8-64B2-4108-B289-8B7D1B5A2819}.Debug|Any CPU.ActiveCfg = Debug|Any CPU
		{6FC648F8-64B2-4108-B289-8B7D1B5A2819}.Debug|Any CPU.Build.0 = Debug|Any CPU
		{6FC648F8-64B2-4108-B289-8B7D1B5A2819}.Release|Any CPU.ActiveCfg = Release|Any CPU
		{6FC648F8-64B2-4108-B289-8B7D1B5A2819}.Release|Any CPU.Build.0 = Release|Any CPU
		{FDDD2B67-116C-437F-8C58-03340C91AD26}.Debug|Any CPU.ActiveCfg = Debug|Any CPU
		{FDDD2B67-116C-437F-8C58-03340C91AD26}.Debug|Any CPU.Build.0 = Debug|Any CPU
		{FDDD2B67-116C-437F-8C58-03340C91AD26}.Release|Any CPU.ActiveCfg = Release|Any CPU
		{FDDD2B67-116C-437F-8C58-03340C91AD26}.Release|Any CPU.Build.0 = Release|Any CPU
		{1C118BD5-638A-4FE1-B61B-18049C4AF933}.Debug|Any CPU.ActiveCfg = Debug|Any CPU
		{1C118BD5-638A-4FE1-B61B-18049C4AF933}.Debug|Any CPU.Build.0 = Debug|Any CPU
		{1C118BD5-638A-4FE1-B61B-18049C4AF933}.Release|Any CPU.ActiveCfg = Release|Any CPU
		{1C118BD5-638A-4FE1-B61B-18049C4AF933}.Release|Any CPU.Build.0 = Release|Any CPU
		{AA3B6D5A-AC7B-426E-B65C-5B02BC56678D}.Debug|Any CPU.ActiveCfg = Debug|Any CPU
		{AA3B6D5A-AC7B-426E-B65C-5B02BC56678D}.Debug|Any CPU.Build.0 = Debug|Any CPU
		{AA3B6D5A-AC7B-426E-B65C-5B02BC56678D}.Release|Any CPU.ActiveCfg = Release|Any CPU
		{AA3B6D5A-AC7B-426E-B65C-5B02BC56678D}.Release|Any CPU.Build.0 = Release|Any CPU
		{6783DCDD-F0A7-49ED-86CB-01616C225DE2}.Debug|Any CPU.ActiveCfg = Debug|Any CPU
		{6783DCDD-F0A7-49ED-86CB-01616C225DE2}.Debug|Any CPU.Build.0 = Debug|Any CPU
		{6783DCDD-F0A7-49ED-86CB-01616C225DE2}.Release|Any CPU.ActiveCfg = Release|Any CPU
		{6783DCDD-F0A7-49ED-86CB-01616C225DE2}.Release|Any CPU.Build.0 = Release|Any CPU
		{4B2130FE-0617-4F88-A86B-A67DD0C5BAAE}.Debug|Any CPU.ActiveCfg = Debug|Any CPU
		{4B2130FE-0617-4F88-A86B-A67DD0C5BAAE}.Debug|Any CPU.Build.0 = Debug|Any CPU
		{4B2130FE-0617-4F88-A86B-A67DD0C5BAAE}.Release|Any CPU.ActiveCfg = Release|Any CPU
		{4B2130FE-0617-4F88-A86B-A67DD0C5BAAE}.Release|Any CPU.Build.0 = Release|Any CPU
	EndGlobalSection
	GlobalSection(NestedProjects) = preSolution
		{32821B3D-614B-4DA9-B323-10F0768F1034} = {E3919FD4-14B8-43A5-BCDA-AEDCF677C12A}
		{D5A8581D-98CF-4D09-99D8-6577BF0AB6DC} = {32821B3D-614B-4DA9-B323-10F0768F1034}
		{AC0B3C2F-F33B-4D85-92AA-3B2A2785FBBD} = {32821B3D-614B-4DA9-B323-10F0768F1034}
		{E0498C05-DE8B-4601-A8A7-55107D257834} = {32821B3D-614B-4DA9-B323-10F0768F1034}
		{66C16747-F845-419C-AA76-D5DFB82240C3} = {E3919FD4-14B8-43A5-BCDA-AEDCF677C12A}
		{FDE943CC-CB12-4F7A-B9D1-DE0805447D03} = {66C16747-F845-419C-AA76-D5DFB82240C3}
		{6FC648F8-64B2-4108-B289-8B7D1B5A2819} = {66C16747-F845-419C-AA76-D5DFB82240C3}
		{FDDD2B67-116C-437F-8C58-03340C91AD26} = {66C16747-F845-419C-AA76-D5DFB82240C3}
		{1C118BD5-638A-4FE1-B61B-18049C4AF933} = {32821B3D-614B-4DA9-B323-10F0768F1034}
		{AA3B6D5A-AC7B-426E-B65C-5B02BC56678D} = {66C16747-F845-419C-AA76-D5DFB82240C3}
		{6E563A9A-36AE-4834-8239-74ADCC4FD9FA} = {E3919FD4-14B8-43A5-BCDA-AEDCF677C12A}
		{6783DCDD-F0A7-49ED-86CB-01616C225DE2} = {6E563A9A-36AE-4834-8239-74ADCC4FD9FA}
		{4B2130FE-0617-4F88-A86B-A67DD0C5BAAE} = {6E563A9A-36AE-4834-8239-74ADCC4FD9FA}
	EndGlobalSection
EndGlobal
